
Microsoft Visual Studio Solution File, Format Version 12.00
# Visual Studio 2013
VisualStudioVersion = 12.0.21005.1
MinimumVisualStudioVersion = 10.0.40219.1
Project("{8BC9CEB8-8B4A-11D0-8D11-00A0C91BC942}") = "169", "169\169.vcxproj", "{E9F2852E-D778-4CF0-BDF4-CFF7B736900C}"
EndProject
Global
	GlobalSection(SolutionConfigurationPlatforms) = preSolution
		Debug|Win32 = Debug|Win32
		Release|Win32 = Release|Win32
	EndGlobalSection
	GlobalSection(ProjectConfigurationPlatforms) = postSolution
		{E9F2852E-D778-4CF0-BDF4-CFF7B736900C}.Debug|Win32.ActiveCfg = Debug|Win32
		{E9F2852E-D778-4CF0-BDF4-CFF7B736900C}.Debug|Win32.Build.0 = Debug|Win32
		{E9F2852E-D778-4CF0-BDF4-CFF7B736900C}.Release|Win32.ActiveCfg = Release|Win32
		{E9F2852E-D778-4CF0-BDF4-CFF7B736900C}.Release|Win32.Build.0 = Release|Win32
	EndGlobalSection
	GlobalSection(SolutionProperties) = preSolution
		HideSolutionNode = FALSE
	EndGlobalSection
EndGlobal
