
Microsoft Visual Studio Solution File, Format Version 12.00
# Visual Studio 2013
VisualStudioVersion = 12.0.21005.1
MinimumVisualStudioVersion = 10.0.40219.1
Project("{8BC9CEB8-8B4A-11D0-8D11-00A0C91BC942}") = "275", "275\275.vcxproj", "{BB1DA7D1-F61F-44DE-8CC1-D6ED7639C536}"
EndProject
Global
	GlobalSection(SolutionConfigurationPlatforms) = preSolution
		Debug|Win32 = Debug|Win32
		Release|Win32 = Release|Win32
	EndGlobalSection
	GlobalSection(ProjectConfigurationPlatforms) = postSolution
		{BB1DA7D1-F61F-44DE-8CC1-D6ED7639C536}.Debug|Win32.ActiveCfg = Debug|Win32
		{BB1DA7D1-F61F-44DE-8CC1-D6ED7639C536}.Debug|Win32.Build.0 = Debug|Win32
		{BB1DA7D1-F61F-44DE-8CC1-D6ED7639C536}.Release|Win32.ActiveCfg = Release|Win32
		{BB1DA7D1-F61F-44DE-8CC1-D6ED7639C536}.Release|Win32.Build.0 = Release|Win32
	EndGlobalSection
	GlobalSection(SolutionProperties) = preSolution
		HideSolutionNode = FALSE
	EndGlobalSection
EndGlobal
