
Microsoft Visual Studio Solution File, Format Version 12.00
# Visual Studio 2013
VisualStudioVersion = 12.0.21005.1
MinimumVisualStudioVersion = 10.0.40219.1
Project("{8BC9CEB8-8B4A-11D0-8D11-00A0C91BC942}") = "13.7", "13.7\13.7.vcxproj", "{E804F81F-5E77-42AD-B72D-1E7D0A273AD4}"
EndProject
Global
	GlobalSection(SolutionConfigurationPlatforms) = preSolution
		Debug|Win32 = Debug|Win32
		Release|Win32 = Release|Win32
	EndGlobalSection
	GlobalSection(ProjectConfigurationPlatforms) = postSolution
		{E804F81F-5E77-42AD-B72D-1E7D0A273AD4}.Debug|Win32.ActiveCfg = Debug|Win32
		{E804F81F-5E77-42AD-B72D-1E7D0A273AD4}.Debug|Win32.Build.0 = Debug|Win32
		{E804F81F-5E77-42AD-B72D-1E7D0A273AD4}.Release|Win32.ActiveCfg = Release|Win32
		{E804F81F-5E77-42AD-B72D-1E7D0A273AD4}.Release|Win32.Build.0 = Release|Win32
	EndGlobalSection
	GlobalSection(SolutionProperties) = preSolution
		HideSolutionNode = FALSE
	EndGlobalSection
EndGlobal
