
Microsoft Visual Studio Solution File, Format Version 12.00
# Visual Studio 2013
VisualStudioVersion = 12.0.21005.1
MinimumVisualStudioVersion = 10.0.40219.1
Project("{8BC9CEB8-8B4A-11D0-8D11-00A0C91BC942}") = "134", "134\134.vcxproj", "{970C33B0-0881-486E-B527-8B44A9DB6114}"
EndProject
Global
	GlobalSection(SolutionConfigurationPlatforms) = preSolution
		Debug|Win32 = Debug|Win32
		Release|Win32 = Release|Win32
	EndGlobalSection
	GlobalSection(ProjectConfigurationPlatforms) = postSolution
		{970C33B0-0881-486E-B527-8B44A9DB6114}.Debug|Win32.ActiveCfg = Debug|Win32
		{970C33B0-0881-486E-B527-8B44A9DB6114}.Debug|Win32.Build.0 = Debug|Win32
		{970C33B0-0881-486E-B527-8B44A9DB6114}.Release|Win32.ActiveCfg = Release|Win32
		{970C33B0-0881-486E-B527-8B44A9DB6114}.Release|Win32.Build.0 = Release|Win32
	EndGlobalSection
	GlobalSection(SolutionProperties) = preSolution
		HideSolutionNode = FALSE
	EndGlobalSection
EndGlobal
