
Microsoft Visual Studio Solution File, Format Version 12.00
# Visual Studio 2013
VisualStudioVersion = 12.0.21005.1
MinimumVisualStudioVersion = 10.0.40219.1
Project("{8BC9CEB8-8B4A-11D0-8D11-00A0C91BC942}") = "15.5", "15.5\15.5.vcxproj", "{D2A61044-0255-4608-BFF2-F1281AA133AA}"
EndProject
Global
	GlobalSection(SolutionConfigurationPlatforms) = preSolution
		Debug|Win32 = Debug|Win32
		Release|Win32 = Release|Win32
	EndGlobalSection
	GlobalSection(ProjectConfigurationPlatforms) = postSolution
		{D2A61044-0255-4608-BFF2-F1281AA133AA}.Debug|Win32.ActiveCfg = Debug|Win32
		{D2A61044-0255-4608-BFF2-F1281AA133AA}.Debug|Win32.Build.0 = Debug|Win32
		{D2A61044-0255-4608-BFF2-F1281AA133AA}.Release|Win32.ActiveCfg = Release|Win32
		{D2A61044-0255-4608-BFF2-F1281AA133AA}.Release|Win32.Build.0 = Release|Win32
	EndGlobalSection
	GlobalSection(SolutionProperties) = preSolution
		HideSolutionNode = FALSE
	EndGlobalSection
EndGlobal
